
Microsoft Visual Studio Solution File, Format Version 12.00
# Visual Studio Version 16
VisualStudioVersion = 16.0.31829.152
MinimumVisualStudioVersion = 10.0.40219.1
Project("{FAE04EC0-301F-11D3-BF4B-00C04F79EFBC}") = "ExampleAPI", "ExampleAPI\ExampleAPI.csproj", "{B2B8BEFB-7B1D-4A36-A21D-E0B0D84C3FCB}"
EndProject
Global
	GlobalSection(SolutionConfigurationPlatforms) = preSolution
		Debug|Any CPU = Debug|Any CPU
		Release|Any CPU = Release|Any CPU
	EndGlobalSection
	GlobalSection(ProjectConfigurationPlatforms) = postSolution
		{B2B8BEFB-7B1D-4A36-A21D-E0B0D84C3FCB}.Debug|Any CPU.ActiveCfg = Debug|Any CPU
		{B2B8BEFB-7B1D-4A36-A21D-E0B0D84C3FCB}.Debug|Any CPU.Build.0 = Debug|Any CPU
		{B2B8BEFB-7B1D-4A36-A21D-E0B0D84C3FCB}.Release|Any CPU.ActiveCfg = Release|Any CPU
		{B2B8BEFB-7B1D-4A36-A21D-E0B0D84C3FCB}.Release|Any CPU.Build.0 = Release|Any CPU
	EndGlobalSection
	GlobalSection(SolutionProperties) = preSolution
		HideSolutionNode = FALSE
	EndGlobalSection
	GlobalSection(ExtensibilityGlobals) = postSolution
		SolutionGuid = {99605DF9-83E8-4A08-B206-940C306E7621}
	EndGlobalSection
EndGlobal
